// !$*UTF8*$!
{
	archiveVersion = 1;
	classes = {
	};
	objectVersion = 50;
	objects = {

/* Begin PBXBuildFile section */
		BAF384E8236A1277006640B0 /* AppDelegate.m in Sources */ = {isa = PBXBuildFile; fileRef = BAF384E7236A1277006640B0 /* AppDelegate.m */; };
		BAF384EB236A1277006640B0 /* SceneDelegate.m in Sources */ = {isa = PBXBuildFile; fileRef = BAF384EA236A1277006640B0 /* SceneDelegate.m */; };
		BAF384F3236A1278006640B0 /* Assets.xcassets in Resources */ = {isa = PBXBuildFile; fileRef = BAF384F2236A1278006640B0 /* Assets.xcassets */; };
		BAF384F6236A1278006640B0 /* LaunchScreen.storyboard in Resources */ = {isa = PBXBuildFile; fileRef = BAF384F4236A1278006640B0 /* LaunchScreen.storyboard */; };
		BAF384F9236A1278006640B0 /* main.m in Sources */ = {isa = PBXBuildFile; fileRef = BAF384F8236A1278006640B0 /* main.m */; };
		BAF38501236A136C006640B0 /* Main.storyboard in Resources */ = {isa = PBXBuildFile; fileRef = BAF38500236A136C006640B0 /* Main.storyboard */; };
		BAF3850A236A1398006640B0 /* 4.jpg in Resources */ = {isa = PBXBuildFile; fileRef = BAF38503236A1398006640B0 /* 4.jpg */; };
		BAF3850B236A1398006640B0 /* 5.jpg in Resources */ = {isa = PBXBuildFile; fileRef = BAF38504236A1398006640B0 /* 5.jpg */; };
		BAF3850C236A1398006640B0 /* 7.jpg in Resources */ = {isa = PBXBuildFile; fileRef = BAF38505236A1398006640B0 /* 7.jpg */; };
		BAF3850D236A1398006640B0 /* 6.jpg in Resources */ = {isa = PBXBuildFile; fileRef = BAF38506236A1398006640B0 /* 6.jpg */; };
		BAF3850E236A1398006640B0 /* 2.jpg in Resources */ = {isa = PBXBuildFile; fileRef = BAF38507236A1398006640B0 /* 2.jpg */; };
		BAF3850F236A1398006640B0 /* 3.jpg in Resources */ = {isa = PBXBuildFile; fileRef = BAF38508236A1398006640B0 /* 3.jpg */; };
		BAF38510236A1398006640B0 /* 1.jpg in Resources */ = {isa = PBXBuildFile; fileRef = BAF38509236A1398006640B0 /* 1.jpg */; };
		BAF38514236A1448006640B0 /* PhotoDetailViewController.m in Sources */ = {isa = PBXBuildFile; fileRef = BAF38513236A1448006640B0 /* PhotoDetailViewController.m */; };
		BAF38517236A1517006640B0 /* Models.m in Sources */ = {isa = PBXBuildFile; fileRef = BAF38516236A1517006640B0 /* Models.m */; };
		BAF3851B236A1F79006640B0 /* GalleryViewController.m in Sources */ = {isa = PBXBuildFile; fileRef = BAF3851A236A1F79006640B0 /* GalleryViewController.m */; };
		BAF3851D236A23DB006640B0 /* GalleryCollectionViewCell.xib in Resources */ = {isa = PBXBuildFile; fileRef = BAF3851C236A23DB006640B0 /* GalleryCollectionViewCell.xib */; };
/* End PBXBuildFile section */

/* Begin PBXFileReference section */
		BAF384E3236A1277006640B0 /* SupportingMultipleWindowsOnIPadObjC.app */ = {isa = PBXFileReference; explicitFileType = wrapper.application; includeInIndex = 0; path = SupportingMultipleWindowsOnIPadObjC.app; sourceTree = BUILT_PRODUCTS_DIR; };
		BAF384E6236A1277006640B0 /* AppDelegate.h */ = {isa = PBXFileReference; lastKnownFileType = sourcecode.c.h; path = AppDelegate.h; sourceTree = "<group>"; };
		BAF384E7236A1277006640B0 /* AppDelegate.m */ = {isa = PBXFileReference; lastKnownFileType = sourcecode.c.objc; path = AppDelegate.m; sourceTree = "<group>"; };
		BAF384E9236A1277006640B0 /* SceneDelegate.h */ = {isa = PBXFileReference; lastKnownFileType = sourcecode.c.h; path = SceneDelegate.h; sourceTree = "<group>"; };
		BAF384EA236A1277006640B0 /* SceneDelegate.m */ = {isa = PBXFileReference; lastKnownFileType = sourcecode.c.objc; path = SceneDelegate.m; sourceTree = "<group>"; };
		BAF384F2236A1278006640B0 /* Assets.xcassets */ = {isa = PBXFileReference; lastKnownFileType = folder.assetcatalog; path = Assets.xcassets; sourceTree = "<group>"; };
		BAF384F5236A1278006640B0 /* Base */ = {isa = PBXFileReference; lastKnownFileType = file.storyboard; name = Base; path = Base.lproj/LaunchScreen.storyboard; sourceTree = "<group>"; };
		BAF384F7236A1278006640B0 /* Info.plist */ = {isa = PBXFileReference; lastKnownFileType = text.plist.xml; path = Info.plist; sourceTree = "<group>"; };
		BAF384F8236A1278006640B0 /* main.m */ = {isa = PBXFileReference; lastKnownFileType = sourcecode.c.objc; path = main.m; sourceTree = "<group>"; };
		BAF38500236A136C006640B0 /* Main.storyboard */ = {isa = PBXFileReference; fileEncoding = 4; lastKnownFileType = file.storyboard; path = Main.storyboard; sourceTree = "<group>"; };
		BAF38503236A1398006640B0 /* 4.jpg */ = {isa = PBXFileReference; lastKnownFileType = image.jpeg; path = 4.jpg; sourceTree = "<group>"; };
		BAF38504236A1398006640B0 /* 5.jpg */ = {isa = PBXFileReference; lastKnownFileType = image.jpeg; path = 5.jpg; sourceTree = "<group>"; };
		BAF38505236A1398006640B0 /* 7.jpg */ = {isa = PBXFileReference; lastKnownFileType = image.jpeg; path = 7.jpg; sourceTree = "<group>"; };
		BAF38506236A1398006640B0 /* 6.jpg */ = {isa = PBXFileReference; lastKnownFileType = image.jpeg; path = 6.jpg; sourceTree = "<group>"; };
		BAF38507236A1398006640B0 /* 2.jpg */ = {isa = PBXFileReference; lastKnownFileType = image.jpeg; path = 2.jpg; sourceTree = "<group>"; };
		BAF38508236A1398006640B0 /* 3.jpg */ = {isa = PBXFileReference; lastKnownFileType = image.jpeg; path = 3.jpg; sourceTree = "<group>"; };
		BAF38509236A1398006640B0 /* 1.jpg */ = {isa = PBXFileReference; lastKnownFileType = image.jpeg; path = 1.jpg; sourceTree = "<group>"; };
		BAF38512236A1448006640B0 /* PhotoDetailViewController.h */ = {isa = PBXFileReference; lastKnownFileType = sourcecode.c.h; path = PhotoDetailViewController.h; sourceTree = "<group>"; };
		BAF38513236A1448006640B0 /* PhotoDetailViewController.m */ = {isa = PBXFileReference; lastKnownFileType = sourcecode.c.objc; path = PhotoDetailViewController.m; sourceTree = "<group>"; };
		BAF38515236A1517006640B0 /* Models.h */ = {isa = PBXFileReference; lastKnownFileType = sourcecode.c.h; path = Models.h; sourceTree = "<group>"; };
		BAF38516236A1517006640B0 /* Models.m */ = {isa = PBXFileReference; lastKnownFileType = sourcecode.c.objc; path = Models.m; sourceTree = "<group>"; };
		BAF38519236A1F79006640B0 /* GalleryViewController.h */ = {isa = PBXFileReference; lastKnownFileType = sourcecode.c.h; path = GalleryViewController.h; sourceTree = "<group>"; };
		BAF3851A236A1F79006640B0 /* GalleryViewController.m */ = {isa = PBXFileReference; lastKnownFileType = sourcecode.c.objc; path = GalleryViewController.m; sourceTree = "<group>"; };
		BAF3851C236A23DB006640B0 /* GalleryCollectionViewCell.xib */ = {isa = PBXFileReference; fileEncoding = 4; lastKnownFileType = file.xib; path = GalleryCollectionViewCell.xib; sourceTree = "<group>"; };
/* End PBXFileReference section */

/* Begin PBXFrameworksBuildPhase section */
		BAF384E0236A1277006640B0 /* Frameworks */ = {
			isa = PBXFrameworksBuildPhase;
			buildActionMask = 2147483647;
			files = (
			);
			runOnlyForDeploymentPostprocessing = 0;
		};
/* End PBXFrameworksBuildPhase section */

/* Begin PBXGroup section */
		BAF384DA236A1277006640B0 = {
			isa = PBXGroup;
			children = (
				BAF384E5236A1277006640B0 /* SupportingMultipleWindowsOnIPadObjC */,
				BAF384E4236A1277006640B0 /* Products */,
			);
			sourceTree = "<group>";
		};
		BAF384E4236A1277006640B0 /* Products */ = {
			isa = PBXGroup;
			children = (
				BAF384E3236A1277006640B0 /* SupportingMultipleWindowsOnIPadObjC.app */,
			);
			name = Products;
			sourceTree = "<group>";
		};
		BAF384E5236A1277006640B0 /* SupportingMultipleWindowsOnIPadObjC */ = {
			isa = PBXGroup;
			children = (
				BAF384E6236A1277006640B0 /* AppDelegate.h */,
				BAF384E7236A1277006640B0 /* AppDelegate.m */,
				BAF384E9236A1277006640B0 /* SceneDelegate.h */,
				BAF384EA236A1277006640B0 /* SceneDelegate.m */,
				BAF38500236A136C006640B0 /* Main.storyboard */,
				BAF38515236A1517006640B0 /* Models.h */,
				BAF38516236A1517006640B0 /* Models.m */,
				BAF38518236A1F60006640B0 /* GalleryViewController */,
				BAF38511236A142F006640B0 /* PhotoDetailViewController */,
				BAF384FF236A1282006640B0 /* Supporting Files */,
			);
			path = SupportingMultipleWindowsOnIPadObjC;
			sourceTree = "<group>";
		};
		BAF384FF236A1282006640B0 /* Supporting Files */ = {
			isa = PBXGroup;
			children = (
				BAF384F2236A1278006640B0 /* Assets.xcassets */,
				BAF38502236A1398006640B0 /* Photos */,
				BAF384F4236A1278006640B0 /* LaunchScreen.storyboard */,
				BAF384F7236A1278006640B0 /* Info.plist */,
				BAF384F8236A1278006640B0 /* main.m */,
			);
			name = "Supporting Files";
			sourceTree = "<group>";
		};
		BAF38502236A1398006640B0 /* Photos */ = {
			isa = PBXGroup;
			children = (
				BAF38503236A1398006640B0 /* 4.jpg */,
				BAF38504236A1398006640B0 /* 5.jpg */,
				BAF38505236A1398006640B0 /* 7.jpg */,
				BAF38506236A1398006640B0 /* 6.jpg */,
				BAF38507236A1398006640B0 /* 2.jpg */,
				BAF38508236A1398006640B0 /* 3.jpg */,
				BAF38509236A1398006640B0 /* 1.jpg */,
			);
			path = Photos;
			sourceTree = "<group>";
		};
		BAF38511236A142F006640B0 /* PhotoDetailViewController */ = {
			isa = PBXGroup;
			children = (
				BAF38512236A1448006640B0 /* PhotoDetailViewController.h */,
				BAF38513236A1448006640B0 /* PhotoDetailViewController.m */,
			);
			name = PhotoDetailViewController;
			sourceTree = "<group>";
		};
		BAF38518236A1F60006640B0 /* GalleryViewController */ = {
			isa = PBXGroup;
			children = (
				BAF38519236A1F79006640B0 /* GalleryViewController.h */,
				BAF3851A236A1F79006640B0 /* GalleryViewController.m */,
				BAF3851C236A23DB006640B0 /* GalleryCollectionViewCell.xib */,
			);
			name = GalleryViewController;
			sourceTree = "<group>";
		};
/* End PBXGroup section */

/* Begin PBXNativeTarget section */
		BAF384E2236A1277006640B0 /* SupportingMultipleWindowsOnIPadObjC */ = {
			isa = PBXNativeTarget;
			buildConfigurationList = BAF384FC236A1278006640B0 /* Build configuration list for PBXNativeTarget "SupportingMultipleWindowsOnIPadObjC" */;
			buildPhases = (
				BAF384DF236A1277006640B0 /* Sources */,
				BAF384E0236A1277006640B0 /* Frameworks */,
				BAF384E1236A1277006640B0 /* Resources */,
			);
			buildRules = (
			);
			dependencies = (
			);
			name = SupportingMultipleWindowsOnIPadObjC;
			productName = SupportingMultipleWindowsOnIPadObjC;
			productReference = BAF384E3236A1277006640B0 /* SupportingMultipleWindowsOnIPadObjC.app */;
			productType = "com.apple.product-type.application";
		};
/* End PBXNativeTarget section */

/* Begin PBXProject section */
		BAF384DB236A1277006640B0 /* Project object */ = {
			isa = PBXProject;
			attributes = {
				LastUpgradeCheck = 1110;
				ORGANIZATIONNAME = "Writes for All";
				TargetAttributes = {
					BAF384E2236A1277006640B0 = {
						CreatedOnToolsVersion = 11.1;
					};
				};
			};
			buildConfigurationList = BAF384DE236A1277006640B0 /* Build configuration list for PBXProject "SupportingMultipleWindowsOnIPadObjC" */;
			compatibilityVersion = "Xcode 9.3";
			developmentRegion = en;
			hasScannedForEncodings = 0;
			knownRegions = (
				en,
				Base,
			);
			mainGroup = BAF384DA236A1277006640B0;
			productRefGroup = BAF384E4236A1277006640B0 /* Products */;
			projectDirPath = "";
			projectRoot = "";
			targets = (
				BAF384E2236A1277006640B0 /* SupportingMultipleWindowsOnIPadObjC */,
			);
		};
/* End PBXProject section */

/* Begin PBXResourcesBuildPhase section */
		BAF384E1236A1277006640B0 /* Resources */ = {
			isa = PBXResourcesBuildPhase;
			buildActionMask = 2147483647;
			files = (
				BAF3850F236A1398006640B0 /* 3.jpg in Resources */,
				BAF3851D236A23DB006640B0 /* GalleryCollectionViewCell.xib in Resources */,
				BAF3850D236A1398006640B0 /* 6.jpg in Resources */,
				BAF3850A236A1398006640B0 /* 4.jpg in Resources */,
				BAF3850B236A1398006640B0 /* 5.jpg in Resources */,
				BAF38501236A136C006640B0 /* Main.storyboard in Resources */,
				BAF3850C236A1398006640B0 /* 7.jpg in Resources */,
				BAF384F6236A1278006640B0 /* LaunchScreen.storyboard in Resources */,
				BAF3850E236A1398006640B0 /* 2.jpg in Resources */,
				BAF384F3236A1278006640B0 /* Assets.xcassets in Resources */,
				BAF38510236A1398006640B0 /* 1.jpg in Resources */,
			);
			runOnlyForDeploymentPostprocessing = 0;
		};
/* End PBXResourcesBuildPhase section */

/* Begin PBXSourcesBuildPhase section */
		BAF384DF236A1277006640B0 /* Sources */ = {
			isa = PBXSourcesBuildPhase;
			buildActionMask = 2147483647;
			files = (
				BAF384E8236A1277006640B0 /* AppDelegate.m in Sources */,
				BAF384F9236A1278006640B0 /* main.m in Sources */,
				BAF38514236A1448006640B0 /* PhotoDetailViewController.m in Sources */,
				BAF384EB236A1277006640B0 /* SceneDelegate.m in Sources */,
				BAF38517236A1517006640B0 /* Models.m in Sources */,
				BAF3851B236A1F79006640B0 /* GalleryViewController.m in Sources */,
			);
			runOnlyForDeploymentPostprocessing = 0;
		};
/* End PBXSourcesBuildPhase section */

/* Begin PBXVariantGroup section */
		BAF384F4236A1278006640B0 /* LaunchScreen.storyboard */ = {
			isa = PBXVariantGroup;
			children = (
				BAF384F5236A1278006640B0 /* Base */,
			);
			name = LaunchScreen.storyboard;
			sourceTree = "<group>";
		};
/* End PBXVariantGroup section */

/* Begin XCBuildConfiguration section */
		BAF384FA236A1278006640B0 /* Debug */ = {
			isa = XCBuildConfiguration;
			buildSettings = {
				ALWAYS_SEARCH_USER_PATHS = NO;
				CLANG_ANALYZER_NONNULL = YES;
				CLANG_ANALYZER_NUMBER_OBJECT_CONVERSION = YES_AGGRESSIVE;
				CLANG_CXX_LANGUAGE_STANDARD = "gnu++14";
				CLANG_CXX_LIBRARY = "libc++";
				CLANG_ENABLE_MODULES = YES;
				CLANG_ENABLE_OBJC_ARC = YES;
				CLANG_ENABLE_OBJC_WEAK = YES;
				CLANG_WARN_BLOCK_CAPTURE_AUTORELEASING = YES;
				CLANG_WARN_BOOL_CONVERSION = YES;
				CLANG_WARN_COMMA = YES;
				CLANG_WARN_CONSTANT_CONVERSION = YES;
				CLANG_WARN_DEPRECATED_OBJC_IMPLEMENTATIONS = YES;
				CLANG_WARN_DIRECT_OBJC_ISA_USAGE = YES_ERROR;
				CLANG_WARN_DOCUMENTATION_COMMENTS = YES;
				CLANG_WARN_EMPTY_BODY = YES;
				CLANG_WARN_ENUM_CONVERSION = YES;
				CLANG_WARN_INFINITE_RECURSION = YES;
				CLANG_WARN_INT_CONVERSION = YES;
				CLANG_WARN_NON_LITERAL_NULL_CONVERSION = YES;
				CLANG_WARN_OBJC_IMPLICIT_RETAIN_SELF = YES;
				CLANG_WARN_OBJC_LITERAL_CONVERSION = YES;
				CLANG_WARN_OBJC_ROOT_CLASS = YES_ERROR;
				CLANG_WARN_RANGE_LOOP_ANALYSIS = YES;
				CLANG_WARN_STRICT_PROTOTYPES = YES;
				CLANG_WARN_SUSPICIOUS_MOVE = YES;
				CLANG_WARN_UNGUARDED_AVAILABILITY = YES_AGGRESSIVE;
				CLANG_WARN_UNREACHABLE_CODE = YES;
				CLANG_WARN__DUPLICATE_METHOD_MATCH = YES;
				COPY_PHASE_STRIP = NO;
				DEBUG_INFORMATION_FORMAT = dwarf;
				ENABLE_STRICT_OBJC_MSGSEND = YES;
				ENABLE_TESTABILITY = YES;
				GCC_C_LANGUAGE_STANDARD = gnu11;
				GCC_DYNAMIC_NO_PIC = NO;
				GCC_NO_COMMON_BLOCKS = YES;
				GCC_OPTIMIZATION_LEVEL = 0;
				GCC_PREPROCESSOR_DEFINITIONS = (
					"DEBUG=1",
					"$(inherited)",
				);
				GCC_WARN_64_TO_32_BIT_CONVERSION = YES;
				GCC_WARN_ABOUT_RETURN_TYPE = YES_ERROR;
				GCC_WARN_UNDECLARED_SELECTOR = YES;
				GCC_WARN_UNINITIALIZED_AUTOS = YES_AGGRESSIVE;
				GCC_WARN_UNUSED_FUNCTION = YES;
				GCC_WARN_UNUSED_VARIABLE = YES;
				IPHONEOS_DEPLOYMENT_TARGET = 13.1;
				MTL_ENABLE_DEBUG_INFO = INCLUDE_SOURCE;
				MTL_FAST_MATH = YES;
				ONLY_ACTIVE_ARCH = YES;
				SDKROOT = iphoneos;
			};
			name = Debug;
		};
		BAF384FB236A1278006640B0 /* Release */ = {
			isa = XCBuildConfiguration;
			buildSettings = {
				ALWAYS_SEARCH_USER_PATHS = NO;
				CLANG_ANALYZER_NONNULL = YES;
				CLANG_ANALYZER_NUMBER_OBJECT_CONVERSION = YES_AGGRESSIVE;
				CLANG_CXX_LANGUAGE_STANDARD = "gnu++14";
				CLANG_CXX_LIBRARY = "libc++";
				CLANG_ENABLE_MODULES = YES;
				CLANG_ENABLE_OBJC_ARC = YES;
				CLANG_ENABLE_OBJC_WEAK = YES;
				CLANG_WARN_BLOCK_CAPTURE_AUTORELEASING = YES;
				CLANG_WARN_BOOL_CONVERSION = YES;
				CLANG_WARN_COMMA = YES;
				CLANG_WARN_CONSTANT_CONVERSION = YES;
				CLANG_WARN_DEPRECATED_OBJC_IMPLEMENTATIONS = YES;
				CLANG_WARN_DIRECT_OBJC_ISA_USAGE = YES_ERROR;
				CLANG_WARN_DOCUMENTATION_COMMENTS = YES;
				CLANG_WARN_EMPTY_BODY = YES;
				CLANG_WARN_ENUM_CONVERSION = YES;
				CLANG_WARN_INFINITE_RECURSION = YES;
				CLANG_WARN_INT_CONVERSION = YES;
				CLANG_WARN_NON_LITERAL_NULL_CONVERSION = YES;
				CLANG_WARN_OBJC_IMPLICIT_RETAIN_SELF = YES;
				CLANG_WARN_OBJC_LITERAL_CONVERSION = YES;
				CLANG_WARN_OBJC_ROOT_CLASS = YES_ERROR;
				CLANG_WARN_RANGE_LOOP_ANALYSIS = YES;
				CLANG_WARN_STRICT_PROTOTYPES = YES;
				CLANG_WARN_SUSPICIOUS_MOVE = YES;
				CLANG_WARN_UNGUARDED_AVAILABILITY = YES_AGGRESSIVE;
				CLANG_WARN_UNREACHABLE_CODE = YES;
				CLANG_WARN__DUPLICATE_METHOD_MATCH = YES;
				COPY_PHASE_STRIP = NO;
				DEBUG_INFORMATION_FORMAT = "dwarf-with-dsym";
				ENABLE_NS_ASSERTIONS = NO;
				ENABLE_STRICT_OBJC_MSGSEND = YES;
				GCC_C_LANGUAGE_STANDARD = gnu11;
				GCC_NO_COMMON_BLOCKS = YES;
				GCC_WARN_64_TO_32_BIT_CONVERSION = YES;
				GCC_WARN_ABOUT_RETURN_TYPE = YES_ERROR;
				GCC_WARN_UNDECLARED_SELECTOR = YES;
				GCC_WARN_UNINITIALIZED_AUTOS = YES_AGGRESSIVE;
				GCC_WARN_UNUSED_FUNCTION = YES;
				GCC_WARN_UNUSED_VARIABLE = YES;
				IPHONEOS_DEPLOYMENT_TARGET = 13.1;
				MTL_ENABLE_DEBUG_INFO = NO;
				MTL_FAST_MATH = YES;
				SDKROOT = iphoneos;
				VALIDATE_PRODUCT = YES;
			};
			name = Release;
		};
		BAF384FD236A1278006640B0 /* Debug */ = {
			isa = XCBuildConfiguration;
			buildSettings = {
				ASSETCATALOG_COMPILER_APPICON_NAME = AppIcon;
				CODE_SIGN_STYLE = Automatic;
				DEVELOPMENT_TEAM = 3E442S8V72;
				INFOPLIST_FILE = SupportingMultipleWindowsOnIPadObjC/Info.plist;
				LD_RUNPATH_SEARCH_PATHS = (
					"$(inherited)",
					"@executable_path/Frameworks",
				);
				PRODUCT_BUNDLE_IDENTIFIER = wfa.app.SupportingMultipleWindowsOnIPadObjC;
				PRODUCT_NAME = "$(TARGET_NAME)";
				TARGETED_DEVICE_FAMILY = "1,2";
			};
			name = Debug;
		};
		BAF384FE236A1278006640B0 /* Release */ = {
			isa = XCBuildConfiguration;
			buildSettings = {
				ASSETCATALOG_COMPILER_APPICON_NAME = AppIcon;
				CODE_SIGN_STYLE = Automatic;
				DEVELOPMENT_TEAM = 3E442S8V72;
				INFOPLIST_FILE = SupportingMultipleWindowsOnIPadObjC/Info.plist;
				LD_RUNPATH_SEARCH_PATHS = (
					"$(inherited)",
					"@executable_path/Frameworks",
				);
				PRODUCT_BUNDLE_IDENTIFIER = wfa.app.SupportingMultipleWindowsOnIPadObjC;
				PRODUCT_NAME = "$(TARGET_NAME)";
				TARGETED_DEVICE_FAMILY = "1,2";
			};
			name = Release;
		};
/* End XCBuildConfiguration section */

/* Begin XCConfigurationList section */
		BAF384DE236A1277006640B0 /* Build configuration list for PBXProject "SupportingMultipleWindowsOnIPadObjC" */ = {
			isa = XCConfigurationList;
			buildConfigurations = (
				BAF384FA236A1278006640B0 /* Debug */,
				BAF384FB236A1278006640B0 /* Release */,
			);
			defaultConfigurationIsVisible = 0;
			defaultConfigurationName = Release;
		};
		BAF384FC236A1278006640B0 /* Build configuration list for PBXNativeTarget "SupportingMultipleWindowsOnIPadObjC" */ = {
			isa = XCConfigurationList;
			buildConfigurations = (
				BAF384FD236A1278006640B0 /* Debug */,
				BAF384FE236A1278006640B0 /* Release */,
			);
			defaultConfigurationIsVisible = 0;
			defaultConfigurationName = Release;
		};
/* End XCConfigurationList section */
	};
	rootObject = BAF384DB236A1277006640B0 /* Project object */;
}
